
Microsoft Visual Studio Solution File, Format Version 12.00
# Visual Studio Version 17
VisualStudioVersion = 17.9.34607.119
MinimumVisualStudioVersion = 10.0.40219.1
Project("{9A19103F-16F7-4668-BE54-9A1E7A4F7556}") = "Io.Schnurr.AiShopper.Api", "Io.Schnurr.AiShopper.Api\Io.Schnurr.AiShopper.Api.csproj", "{EAF0F3A5-3F25-4005-8E6D-DD6B4A2EA0E8}"
EndProject
Project("{9A19103F-16F7-4668-BE54-9A1E7A4F7556}") = "Io.Schnurr.AiShopper.Services", "Io.Schnurr.AiShopper.Services\Io.Schnurr.AiShopper.Services.csproj", "{D2ACF981-E482-4034-AD02-4C982B612876}"
EndProject
Global
	GlobalSection(SolutionConfigurationPlatforms) = preSolution
		Debug|Any CPU = Debug|Any CPU
		Release|Any CPU = Release|Any CPU
	EndGlobalSection
	GlobalSection(ProjectConfigurationPlatforms) = postSolution
		{EAF0F3A5-3F25-4005-8E6D-DD6B4A2EA0E8}.Debug|Any CPU.ActiveCfg = Debug|Any CPU
		{EAF0F3A5-3F25-4005-8E6D-DD6B4A2EA0E8}.Debug|Any CPU.Build.0 = Debug|Any CPU
		{EAF0F3A5-3F25-4005-8E6D-DD6B4A2EA0E8}.Release|Any CPU.ActiveCfg = Release|Any CPU
		{EAF0F3A5-3F25-4005-8E6D-DD6B4A2EA0E8}.Release|Any CPU.Build.0 = Release|Any CPU
		{D2ACF981-E482-4034-AD02-4C982B612876}.Debug|Any CPU.ActiveCfg = Debug|Any CPU
		{D2ACF981-E482-4034-AD02-4C982B612876}.Debug|Any CPU.Build.0 = Debug|Any CPU
		{D2ACF981-E482-4034-AD02-4C982B612876}.Release|Any CPU.ActiveCfg = Release|Any CPU
		{D2ACF981-E482-4034-AD02-4C982B612876}.Release|Any CPU.Build.0 = Release|Any CPU
	EndGlobalSection
	GlobalSection(SolutionProperties) = preSolution
		HideSolutionNode = FALSE
	EndGlobalSection
	GlobalSection(ExtensibilityGlobals) = postSolution
		SolutionGuid = {2A844A27-8884-47C3-BD3D-219401E7DC26}
	EndGlobalSection
EndGlobal
