
Microsoft Visual Studio Solution File, Format Version 12.00
# Visual Studio Version 17
VisualStudioVersion = 17.9.34607.119
MinimumVisualStudioVersion = 10.0.40219.1
Project("{9A19103F-16F7-4668-BE54-9A1E7A4F7556}") = "Io.Schnurr.AiShopper.Chat", "Io.Schnurr.AiShopper.Chat\Io.Schnurr.AiShopper.Chat.csproj", "{0D8CE869-3E66-489D-A469-A522FA4C8661}"
EndProject
Project("{FAE04EC0-301F-11D3-BF4B-00C04F79EFBC}") = "Io.Schnurr.AiShopper.Services", "Io.Schnurr.AiShopper.Services\Io.Schnurr.AiShopper.Services.csproj", "{1D141748-7182-4D54-947A-FD67242EE9CE}"
EndProject
Project("{FAE04EC0-301F-11D3-BF4B-00C04F79EFBC}") = "Io.Schnurr.AiShopper.Models", "Io.Schnurr.AiShopper.Models\Io.Schnurr.AiShopper.Models.csproj", "{62CF0F4D-58E6-4703-ABC8-C2B8345044BE}"
EndProject
Global
	GlobalSection(SolutionConfigurationPlatforms) = preSolution
		Debug|Any CPU = Debug|Any CPU
		Release|Any CPU = Release|Any CPU
	EndGlobalSection
	GlobalSection(ProjectConfigurationPlatforms) = postSolution
		{0D8CE869-3E66-489D-A469-A522FA4C8661}.Debug|Any CPU.ActiveCfg = Debug|Any CPU
		{0D8CE869-3E66-489D-A469-A522FA4C8661}.Debug|Any CPU.Build.0 = Debug|Any CPU
		{0D8CE869-3E66-489D-A469-A522FA4C8661}.Release|Any CPU.ActiveCfg = Release|Any CPU
		{0D8CE869-3E66-489D-A469-A522FA4C8661}.Release|Any CPU.Build.0 = Release|Any CPU
		{1D141748-7182-4D54-947A-FD67242EE9CE}.Debug|Any CPU.ActiveCfg = Debug|Any CPU
		{1D141748-7182-4D54-947A-FD67242EE9CE}.Debug|Any CPU.Build.0 = Debug|Any CPU
		{1D141748-7182-4D54-947A-FD67242EE9CE}.Release|Any CPU.ActiveCfg = Release|Any CPU
		{1D141748-7182-4D54-947A-FD67242EE9CE}.Release|Any CPU.Build.0 = Release|Any CPU
		{62CF0F4D-58E6-4703-ABC8-C2B8345044BE}.Debug|Any CPU.ActiveCfg = Debug|Any CPU
		{62CF0F4D-58E6-4703-ABC8-C2B8345044BE}.Debug|Any CPU.Build.0 = Debug|Any CPU
		{62CF0F4D-58E6-4703-ABC8-C2B8345044BE}.Release|Any CPU.ActiveCfg = Release|Any CPU
		{62CF0F4D-58E6-4703-ABC8-C2B8345044BE}.Release|Any CPU.Build.0 = Release|Any CPU
	EndGlobalSection
	GlobalSection(SolutionProperties) = preSolution
		HideSolutionNode = FALSE
	EndGlobalSection
	GlobalSection(ExtensibilityGlobals) = postSolution
		SolutionGuid = {2A844A27-8884-47C3-BD3D-219401E7DC26}
	EndGlobalSection
EndGlobal
